
Microsoft Visual Studio Solution File, Format Version 12.00
# Visual Studio Version 17
VisualStudioVersion = 17.0.31912.275
MinimumVisualStudioVersion = 10.0.40219.1
Project("{F184B08F-C81C-45F6-A57F-5ABD9991F28F}") = "PogodiBroj", "Random Number Guessing Game\PogodiBroj.vbproj", "{4E9F4DBD-1219-4759-B554-B308FDA0E993}"
EndProject
Global
	GlobalSection(SolutionConfigurationPlatforms) = preSolution
		Debug|Any CPU = Debug|Any CPU
		Release|Any CPU = Release|Any CPU
	EndGlobalSection
	GlobalSection(ProjectConfigurationPlatforms) = postSolution
		{4E9F4DBD-1219-4759-B554-B308FDA0E993}.Debug|Any CPU.ActiveCfg = Debug|Any CPU
		{4E9F4DBD-1219-4759-B554-B308FDA0E993}.Debug|Any CPU.Build.0 = Debug|Any CPU
		{4E9F4DBD-1219-4759-B554-B308FDA0E993}.Release|Any CPU.ActiveCfg = Release|Any CPU
		{4E9F4DBD-1219-4759-B554-B308FDA0E993}.Release|Any CPU.Build.0 = Release|Any CPU
	EndGlobalSection
	GlobalSection(SolutionProperties) = preSolution
		HideSolutionNode = FALSE
	EndGlobalSection
	GlobalSection(ExtensibilityGlobals) = postSolution
		SolutionGuid = {CA9569D2-3CDB-42D6-A76C-D790DF1FAF61}
	EndGlobalSection
EndGlobal
